{
  "object": {
    "pins": [
      {
        "package": "Altair-MDK",
        "repositoryURL": "https://github.com/mzapatae/AltairMDK-iOS.git",
        "state": {
          "branch": "feature/required-extensions",
          "revision": "63986d7a176e52f0b05e332311c399ecc7d4d143",
          "version": null
        }
      }
    ]
  },
  "version": 1
}
