{
  "object": {
    "pins": [
      {
        "package": "Altair-MDK",
        "repositoryURL": "git@github.com:mzapatae/AltairMDK-iOS.git",
        "state": {
          "branch": "feature/required-extensions",
          "revision": "61a00226813068a46e350e2395fce4b9532c93d0",
          "version": null
        }
      },
      {
        "package": "Resolver",
        "repositoryURL": "https://github.com/hmlongco/Resolver.git",
        "state": {
          "branch": null,
          "revision": "48e26b8fdf22877cd89b4a1f3927a56cc9f34d46",
          "version": "1.4.3"
        }
      }
    ]
  },
  "version": 1
}
